
Microsoft Visual Studio Solution File, Format Version 12.00
# Visual Studio Version 17
VisualStudioVersion = 17.4.33205.214
MinimumVisualStudioVersion = 10.0.40219.1
Project("{FAE04EC0-301F-11D3-BF4B-00C04F79EFBC}") = "01_LoadJsonFile_ConsoleApp", "01_LoadJsonFile_ConsoleApp\01_LoadJsonFile_ConsoleApp.csproj", "{7E227A42-80AF-4037-888C-7CFD81AACEFF}"
EndProject
Project("{FAE04EC0-301F-11D3-BF4B-00C04F79EFBC}") = "01_LoadJsonFile_WpfApp", "01_LoadJsonFile_WpfApp\01_LoadJsonFile_WpfApp.csproj", "{299D07D7-B628-46B8-A47E-49DE2474C1C8}"
EndProject
Global
	GlobalSection(SolutionConfigurationPlatforms) = preSolution
		Debug|Any CPU = Debug|Any CPU
		Release|Any CPU = Release|Any CPU
	EndGlobalSection
	GlobalSection(ProjectConfigurationPlatforms) = postSolution
		{7E227A42-80AF-4037-888C-7CFD81AACEFF}.Debug|Any CPU.ActiveCfg = Debug|Any CPU
		{7E227A42-80AF-4037-888C-7CFD81AACEFF}.Debug|Any CPU.Build.0 = Debug|Any CPU
		{7E227A42-80AF-4037-888C-7CFD81AACEFF}.Release|Any CPU.ActiveCfg = Release|Any CPU
		{7E227A42-80AF-4037-888C-7CFD81AACEFF}.Release|Any CPU.Build.0 = Release|Any CPU
		{299D07D7-B628-46B8-A47E-49DE2474C1C8}.Debug|Any CPU.ActiveCfg = Debug|Any CPU
		{299D07D7-B628-46B8-A47E-49DE2474C1C8}.Debug|Any CPU.Build.0 = Debug|Any CPU
		{299D07D7-B628-46B8-A47E-49DE2474C1C8}.Release|Any CPU.ActiveCfg = Release|Any CPU
		{299D07D7-B628-46B8-A47E-49DE2474C1C8}.Release|Any CPU.Build.0 = Release|Any CPU
	EndGlobalSection
	GlobalSection(SolutionProperties) = preSolution
		HideSolutionNode = FALSE
	EndGlobalSection
	GlobalSection(ExtensibilityGlobals) = postSolution
		SolutionGuid = {85B85125-6E16-401F-9973-4319A472AB76}
	EndGlobalSection
EndGlobal
